<?xml version="1.0" encoding="utf-8"?>
<Project ToolsVersion="4.0" xmlns="http://schemas.microsoft.com/developer/msbuild/2003">
  <ItemGroup>
    <Filter Include="Source Files">
      <UniqueIdentifier>{4FC737F1-C7A5-4376-A066-2A32D752A2FF}</UniqueIdentifier>
      <Extensions>cpp;c;cc;cxx;def;odl;idl;hpj;bat;asm;asmx</Extensions>
    </Filter>
    <Filter Include="Header Files">
      <UniqueIdentifier>{93995380-89BD-4b04-88EB-625FBE52EBFB}</UniqueIdentifier>
      <Extensions>h;hh;hpp;hxx;hm;inl;inc;xsd</Extensions>
    </Filter>
    <Filter Include="Resource Files">
      <UniqueIdentifier>{67DA6AB6-F800-4c08-8B7A-83BB121AAD01}</UniqueIdentifier>
      <Extensions>rc;ico;cur;bmp;dlg;rc2;rct;bin;rgs;gif;jpg;jpeg;jpe;resx;tiff;tif;png;wav;mfcribbon-ms</Extensions>
    </Filter>
    <Filter Include="lib">
      <UniqueIdentifier>{ea40033b-5000-4858-92ff-0117a3e7a605}</UniqueIdentifier>
    </Filter>
    <Filter Include="lib\win">
      <UniqueIdentifier>{65fddd78-f79d-4fe6-a354-cd1d1ba3e8ac}</UniqueIdentifier>
    </Filter>
    <Filter Include="lib\fmt">
      <UniqueIdentifier>{24688efb-d480-457c-aafc-dc0959219381}</UniqueIdentifier>
    </Filter>
    <Filter Include="proto">
      <UniqueIdentifier>{e05b835e-e9c0-4998-8f5c-91a2459eb0d0}</UniqueIdentifier>
    </Filter>
  </ItemGroup>
  <ItemGroup>
    <ClInclude Include="lib\win\window.h">
      <Filter>lib\win</Filter>
    </ClInclude>
    <ClInclude Include="lib\win\raii.h">
      <Filter>lib\win</Filter>
    </ClInclude>
    <ClInclude Include="resource.h">
      <Filter>Header Files</Filter>
    </ClInclude>
    <ClInclude Include="SocketThread.h">
      <Filter>Header Files</Filter>
    </ClInclude>
    <ClInclude Include="lib\win\MessageThread.h">
      <Filter>lib\win</Filter>
    </ClInclude>
    <ClInclude Include="Logger.h">
      <Filter>Header Files</Filter>
    </ClInclude>
    <ClInclude Include="lib\fmt\core.h">
      <Filter>lib\fmt</Filter>
    </ClInclude>
    <ClInclude Include="lib\fmt\format.h">
      <Filter>lib\fmt</Filter>
    </ClInclude>
    <ClInclude Include="lib\fmt\format-inl.h">
      <Filter>lib\fmt</Filter>
    </ClInclude>
    <ClInclude Include="lib\fmt\ostream.h">
      <Filter>lib\fmt</Filter>
    </ClInclude>
    <ClInclude Include="lib\fmt\posix.h">
      <Filter>lib\fmt</Filter>
    </ClInclude>
    <ClInclude Include="lib\fmt\printf.h">
      <Filter>lib\fmt</Filter>
    </ClInclude>
    <ClInclude Include="lib\fmt\ranges.h">
      <Filter>lib\fmt</Filter>
    </ClInclude>
    <ClInclude Include="lib\fmt\time.h">
      <Filter>lib\fmt</Filter>
    </ClInclude>
    <ClInclude Include="lib\Buffer.h">
      <Filter>lib</Filter>
    </ClInclude>
    <ClInclude Include="DiskThread.h">
      <Filter>Header Files</Filter>
    </ClInclude>
    <ClInclude Include="proto\file.h">
      <Filter>proto</Filter>
    </ClInclude>
    <ClInclude Include="proto\Serializer.h">
      <Filter>proto</Filter>
    </ClInclude>
    <ClInclude Include="lib\win\encoding.h">
      <Filter>lib\win</Filter>
    </ClInclude>
    <ClInclude Include="DiscoveryThread.h">
      <Filter>Header Files</Filter>
    </ClInclude>
    <ClInclude Include="proto\discovery.h">
      <Filter>proto</Filter>
    </ClInclude>
  </ItemGroup>
  <ItemGroup>
    <ClCompile Include="HomeShare.cpp">
      <Filter>Source Files</Filter>
    </ClCompile>
    <ClCompile Include="lib\win\window.cpp">
      <Filter>lib\win</Filter>
    </ClCompile>
    <ClCompile Include="SocketThread.cpp">
      <Filter>Source Files</Filter>
    </ClCompile>
    <ClCompile Include="lib\win\MessageThread.cpp">
      <Filter>lib\win</Filter>
    </ClCompile>
    <ClCompile Include="DiskThread.cpp">
      <Filter>Source Files</Filter>
    </ClCompile>
    <ClCompile Include="DiscoveryThread.cpp">
      <Filter>Source Files</Filter>
    </ClCompile>
  </ItemGroup>
  <ItemGroup>
    <ResourceCompile Include="HomeShare.rc">
      <Filter>Resource Files</Filter>
    </ResourceCompile>
  </ItemGroup>
</Project>