<?xml version="1.0" encoding="utf-8"?>
<Project ToolsVersion="4.0" xmlns="http://schemas.microsoft.com/developer/msbuild/2003">
  <ItemGroup>
    <Filter Include="Source Files">
      <UniqueIdentifier>{4FC737F1-C7A5-4376-A066-2A32D752A2FF}</UniqueIdentifier>
      <Extensions>cpp;c;cc;cxx;def;odl;idl;hpj;bat;asm;asmx</Extensions>
    </Filter>
    <Filter Include="Header Files">
      <UniqueIdentifier>{93995380-89BD-4b04-88EB-625FBE52EBFB}</UniqueIdentifier>
      <Extensions>h;hh;hpp;hxx;hm;inl;inc;xsd</Extensions>
    </Filter>
    <Filter Include="Resource Files">
      <UniqueIdentifier>{67DA6AB6-F800-4c08-8B7A-83BB121AAD01}</UniqueIdentifier>
      <Extensions>rc;ico;cur;bmp;dlg;rc2;rct;bin;rgs;gif;jpg;jpeg;jpe;resx;tiff;tif;png;wav;mfcribbon-ms</Extensions>
    </Filter>
    <Filter Include="lib">
      <UniqueIdentifier>{ea40033b-5000-4858-92ff-0117a3e7a605}</UniqueIdentifier>
    </Filter>
    <Filter Include="lib\win">
      <UniqueIdentifier>{65fddd78-f79d-4fe6-a354-cd1d1ba3e8ac}</UniqueIdentifier>
    </Filter>
    <Filter Include="lib\fmt">
      <UniqueIdentifier>{24688efb-d480-457c-aafc-dc0959219381}</UniqueIdentifier>
    </Filter>
    <Filter Include="proto">
      <UniqueIdentifier>{e05b835e-e9c0-4998-8f5c-91a2459eb0d0}</UniqueIdentifier>
    </Filter>
    <Filter Include="lib\sodium">
      <UniqueIdentifier>{14ba4af1-e3dd-404a-8e83-e4a6de6c55fd}</UniqueIdentifier>
    </Filter>
  </ItemGroup>
  <ItemGroup>
    <ClInclude Include="lib\win\window.h">
      <Filter>lib\win</Filter>
    </ClInclude>
    <ClInclude Include="lib\win\raii.h">
      <Filter>lib\win</Filter>
    </ClInclude>
    <ClInclude Include="resource.h">
      <Filter>Header Files</Filter>
    </ClInclude>
    <ClInclude Include="SocketThread.h">
      <Filter>Header Files</Filter>
    </ClInclude>
    <ClInclude Include="lib\win\MessageThread.h">
      <Filter>lib\win</Filter>
    </ClInclude>
    <ClInclude Include="Logger.h">
      <Filter>Header Files</Filter>
    </ClInclude>
    <ClInclude Include="lib\fmt\core.h">
      <Filter>lib\fmt</Filter>
    </ClInclude>
    <ClInclude Include="lib\fmt\format.h">
      <Filter>lib\fmt</Filter>
    </ClInclude>
    <ClInclude Include="lib\fmt\format-inl.h">
      <Filter>lib\fmt</Filter>
    </ClInclude>
    <ClInclude Include="lib\fmt\ostream.h">
      <Filter>lib\fmt</Filter>
    </ClInclude>
    <ClInclude Include="lib\fmt\posix.h">
      <Filter>lib\fmt</Filter>
    </ClInclude>
    <ClInclude Include="lib\fmt\printf.h">
      <Filter>lib\fmt</Filter>
    </ClInclude>
    <ClInclude Include="lib\fmt\ranges.h">
      <Filter>lib\fmt</Filter>
    </ClInclude>
    <ClInclude Include="lib\fmt\time.h">
      <Filter>lib\fmt</Filter>
    </ClInclude>
    <ClInclude Include="lib\Buffer.h">
      <Filter>lib</Filter>
    </ClInclude>
    <ClInclude Include="DiskThread.h">
      <Filter>Header Files</Filter>
    </ClInclude>
    <ClInclude Include="proto\file.h">
      <Filter>proto</Filter>
    </ClInclude>
    <ClInclude Include="proto\Serializer.h">
      <Filter>proto</Filter>
    </ClInclude>
    <ClInclude Include="lib\win\encoding.h">
      <Filter>lib\win</Filter>
    </ClInclude>
    <ClInclude Include="DiscoveryThread.h">
      <Filter>Header Files</Filter>
    </ClInclude>
    <ClInclude Include="proto\discovery.h">
      <Filter>proto</Filter>
    </ClInclude>
    <ClInclude Include="lib\sodium.h">
      <Filter>lib</Filter>
    </ClInclude>
    <ClInclude Include="lib\sodium\core.h">
      <Filter>lib\sodium</Filter>
    </ClInclude>
    <ClInclude Include="lib\sodium\crypto_aead_aes256gcm.h">
      <Filter>lib\sodium</Filter>
    </ClInclude>
    <ClInclude Include="lib\sodium\crypto_aead_chacha20poly1305.h">
      <Filter>lib\sodium</Filter>
    </ClInclude>
    <ClInclude Include="lib\sodium\crypto_aead_xchacha20poly1305.h">
      <Filter>lib\sodium</Filter>
    </ClInclude>
    <ClInclude Include="lib\sodium\crypto_auth.h">
      <Filter>lib\sodium</Filter>
    </ClInclude>
    <ClInclude Include="lib\sodium\crypto_auth_hmacsha256.h">
      <Filter>lib\sodium</Filter>
    </ClInclude>
    <ClInclude Include="lib\sodium\crypto_auth_hmacsha512.h">
      <Filter>lib\sodium</Filter>
    </ClInclude>
    <ClInclude Include="lib\sodium\crypto_auth_hmacsha512256.h">
      <Filter>lib\sodium</Filter>
    </ClInclude>
    <ClInclude Include="lib\sodium\crypto_box.h">
      <Filter>lib\sodium</Filter>
    </ClInclude>
    <ClInclude Include="lib\sodium\crypto_box_curve25519xchacha20poly1305.h">
      <Filter>lib\sodium</Filter>
    </ClInclude>
    <ClInclude Include="lib\sodium\crypto_box_curve25519xsalsa20poly1305.h">
      <Filter>lib\sodium</Filter>
    </ClInclude>
    <ClInclude Include="lib\sodium\crypto_core_ed25519.h">
      <Filter>lib\sodium</Filter>
    </ClInclude>
    <ClInclude Include="lib\sodium\crypto_core_hchacha20.h">
      <Filter>lib\sodium</Filter>
    </ClInclude>
    <ClInclude Include="lib\sodium\crypto_core_hsalsa20.h">
      <Filter>lib\sodium</Filter>
    </ClInclude>
    <ClInclude Include="lib\sodium\crypto_core_salsa20.h">
      <Filter>lib\sodium</Filter>
    </ClInclude>
    <ClInclude Include="lib\sodium\crypto_core_salsa208.h">
      <Filter>lib\sodium</Filter>
    </ClInclude>
    <ClInclude Include="lib\sodium\crypto_core_salsa2012.h">
      <Filter>lib\sodium</Filter>
    </ClInclude>
    <ClInclude Include="lib\sodium\crypto_generichash.h">
      <Filter>lib\sodium</Filter>
    </ClInclude>
    <ClInclude Include="lib\sodium\crypto_generichash_blake2b.h">
      <Filter>lib\sodium</Filter>
    </ClInclude>
    <ClInclude Include="lib\sodium\crypto_hash.h">
      <Filter>lib\sodium</Filter>
    </ClInclude>
    <ClInclude Include="lib\sodium\crypto_hash_sha256.h">
      <Filter>lib\sodium</Filter>
    </ClInclude>
    <ClInclude Include="lib\sodium\crypto_hash_sha512.h">
      <Filter>lib\sodium</Filter>
    </ClInclude>
    <ClInclude Include="lib\sodium\crypto_kdf.h">
      <Filter>lib\sodium</Filter>
    </ClInclude>
    <ClInclude Include="lib\sodium\crypto_kdf_blake2b.h">
      <Filter>lib\sodium</Filter>
    </ClInclude>
    <ClInclude Include="lib\sodium\crypto_kx.h">
      <Filter>lib\sodium</Filter>
    </ClInclude>
    <ClInclude Include="lib\sodium\crypto_onetimeauth.h">
      <Filter>lib\sodium</Filter>
    </ClInclude>
    <ClInclude Include="lib\sodium\crypto_onetimeauth_poly1305.h">
      <Filter>lib\sodium</Filter>
    </ClInclude>
    <ClInclude Include="lib\sodium\crypto_pwhash.h">
      <Filter>lib\sodium</Filter>
    </ClInclude>
    <ClInclude Include="lib\sodium\crypto_pwhash_argon2i.h">
      <Filter>lib\sodium</Filter>
    </ClInclude>
    <ClInclude Include="lib\sodium\crypto_pwhash_argon2id.h">
      <Filter>lib\sodium</Filter>
    </ClInclude>
    <ClInclude Include="lib\sodium\crypto_pwhash_scryptsalsa208sha256.h">
      <Filter>lib\sodium</Filter>
    </ClInclude>
    <ClInclude Include="lib\sodium\crypto_scalarmult.h">
      <Filter>lib\sodium</Filter>
    </ClInclude>
    <ClInclude Include="lib\sodium\crypto_scalarmult_curve25519.h">
      <Filter>lib\sodium</Filter>
    </ClInclude>
    <ClInclude Include="lib\sodium\crypto_scalarmult_ed25519.h">
      <Filter>lib\sodium</Filter>
    </ClInclude>
    <ClInclude Include="lib\sodium\crypto_secretbox.h">
      <Filter>lib\sodium</Filter>
    </ClInclude>
    <ClInclude Include="lib\sodium\crypto_secretbox_xchacha20poly1305.h">
      <Filter>lib\sodium</Filter>
    </ClInclude>
    <ClInclude Include="lib\sodium\crypto_secretbox_xsalsa20poly1305.h">
      <Filter>lib\sodium</Filter>
    </ClInclude>
    <ClInclude Include="lib\sodium\crypto_secretstream_xchacha20poly1305.h">
      <Filter>lib\sodium</Filter>
    </ClInclude>
    <ClInclude Include="lib\sodium\crypto_shorthash.h">
      <Filter>lib\sodium</Filter>
    </ClInclude>
    <ClInclude Include="lib\sodium\crypto_shorthash_siphash24.h">
      <Filter>lib\sodium</Filter>
    </ClInclude>
    <ClInclude Include="lib\sodium\crypto_sign.h">
      <Filter>lib\sodium</Filter>
    </ClInclude>
    <ClInclude Include="lib\sodium\crypto_sign_ed25519.h">
      <Filter>lib\sodium</Filter>
    </ClInclude>
    <ClInclude Include="lib\sodium\crypto_sign_edwards25519sha512batch.h">
      <Filter>lib\sodium</Filter>
    </ClInclude>
    <ClInclude Include="lib\sodium\crypto_stream.h">
      <Filter>lib\sodium</Filter>
    </ClInclude>
    <ClInclude Include="lib\sodium\crypto_stream_chacha20.h">
      <Filter>lib\sodium</Filter>
    </ClInclude>
    <ClInclude Include="lib\sodium\crypto_stream_salsa20.h">
      <Filter>lib\sodium</Filter>
    </ClInclude>
    <ClInclude Include="lib\sodium\crypto_stream_salsa208.h">
      <Filter>lib\sodium</Filter>
    </ClInclude>
    <ClInclude Include="lib\sodium\crypto_stream_salsa2012.h">
      <Filter>lib\sodium</Filter>
    </ClInclude>
    <ClInclude Include="lib\sodium\crypto_stream_xchacha20.h">
      <Filter>lib\sodium</Filter>
    </ClInclude>
    <ClInclude Include="lib\sodium\crypto_stream_xsalsa20.h">
      <Filter>lib\sodium</Filter>
    </ClInclude>
    <ClInclude Include="lib\sodium\crypto_verify_16.h">
      <Filter>lib\sodium</Filter>
    </ClInclude>
    <ClInclude Include="lib\sodium\crypto_verify_32.h">
      <Filter>lib\sodium</Filter>
    </ClInclude>
    <ClInclude Include="lib\sodium\crypto_verify_64.h">
      <Filter>lib\sodium</Filter>
    </ClInclude>
    <ClInclude Include="lib\sodium\export.h">
      <Filter>lib\sodium</Filter>
    </ClInclude>
    <ClInclude Include="lib\sodium\randombytes.h">
      <Filter>lib\sodium</Filter>
    </ClInclude>
    <ClInclude Include="lib\sodium\randombytes_salsa20_random.h">
      <Filter>lib\sodium</Filter>
    </ClInclude>
    <ClInclude Include="lib\sodium\randombytes_sysrandom.h">
      <Filter>lib\sodium</Filter>
    </ClInclude>
    <ClInclude Include="lib\sodium\runtime.h">
      <Filter>lib\sodium</Filter>
    </ClInclude>
    <ClInclude Include="lib\sodium\utils.h">
      <Filter>lib\sodium</Filter>
    </ClInclude>
    <ClInclude Include="lib\sodium\version.h">
      <Filter>lib\sodium</Filter>
    </ClInclude>
    <ClInclude Include="proto\auth.h">
      <Filter>proto</Filter>
    </ClInclude>
    <ClInclude Include="lib\crypto.h">
      <Filter>lib</Filter>
    </ClInclude>
  </ItemGroup>
  <ItemGroup>
    <ClCompile Include="HomeShare.cpp">
      <Filter>Source Files</Filter>
    </ClCompile>
    <ClCompile Include="lib\win\window.cpp">
      <Filter>lib\win</Filter>
    </ClCompile>
    <ClCompile Include="SocketThread.cpp">
      <Filter>Source Files</Filter>
    </ClCompile>
    <ClCompile Include="lib\win\MessageThread.cpp">
      <Filter>lib\win</Filter>
    </ClCompile>
    <ClCompile Include="DiskThread.cpp">
      <Filter>Source Files</Filter>
    </ClCompile>
    <ClCompile Include="DiscoveryThread.cpp">
      <Filter>Source Files</Filter>
    </ClCompile>
  </ItemGroup>
  <ItemGroup>
    <ResourceCompile Include="HomeShare.rc">
      <Filter>Resource Files</Filter>
    </ResourceCompile>
  </ItemGroup>
</Project>